{
  "name": "rn-loader-playground",
  "version": "0.1.0",
  "lockfileVersion": 1,
  "requires": true,
  "dependencies": {
    "rn-loader": {
      "version": "0.1.0",
      "resolved": "https://registry.npmjs.org/rn-loader/-/rn-loader-0.1.0.tgz",
      "integrity": "sha512-Mq0Dzgnd2Tcq1vUn4Yh+ySK6DCzdqFPxv7ceO4rcFGdrwcHdcWP+nier8oC6ObOHu8LMZZmCLmjke15x2mqxqQ=="
    }
  }
}
